
Microsoft Visual Studio Solution File, Format Version 12.00
# Visual Studio Version 16
VisualStudioVersion = 16.0.32002.261
MinimumVisualStudioVersion = 10.0.40219.1
Project("{FAE04EC0-301F-11D3-BF4B-00C04F79EFBC}") = "HomeWork3", "HomeWork3\HomeWork3.csproj", "{0E6B855B-DBDF-4B3C-B47E-73FEE36E6387}"
EndProject
Global
	GlobalSection(SolutionConfigurationPlatforms) = preSolution
		Debug|Any CPU = Debug|Any CPU
		Release|Any CPU = Release|Any CPU
	EndGlobalSection
	GlobalSection(ProjectConfigurationPlatforms) = postSolution
		{0E6B855B-DBDF-4B3C-B47E-73FEE36E6387}.Debug|Any CPU.ActiveCfg = Debug|Any CPU
		{0E6B855B-DBDF-4B3C-B47E-73FEE36E6387}.Debug|Any CPU.Build.0 = Debug|Any CPU
		{0E6B855B-DBDF-4B3C-B47E-73FEE36E6387}.Release|Any CPU.ActiveCfg = Release|Any CPU
		{0E6B855B-DBDF-4B3C-B47E-73FEE36E6387}.Release|Any CPU.Build.0 = Release|Any CPU
	EndGlobalSection
	GlobalSection(SolutionProperties) = preSolution
		HideSolutionNode = FALSE
	EndGlobalSection
	GlobalSection(ExtensibilityGlobals) = postSolution
		SolutionGuid = {EB3325F5-13FF-4CCC-AD82-DAA614BBC2AE}
	EndGlobalSection
EndGlobal
